// !$*UTF8*$!
{
	archiveVersion = 1;
	classes = {
	};
	objectVersion = 48;
	objects = {

/* Begin PBXBuildFile section */
		19C600041FE7B3E50014B6DC /* XHWLCoreSDKUITests.m in Sources */ = {isa = PBXBuildFile; fileRef = 19C600031FE7B3E50014B6DC /* XHWLCoreSDKUITests.m */; };
		19C600141FE7B5150014B6DC /* README.md in Resources */ = {isa = PBXBuildFile; fileRef = 19C600131FE7B5150014B6DC /* README.md */; };
		19C600181FE7B5470014B6DC /* XHWLCoreSDK.podspec in Resources */ = {isa = PBXBuildFile; fileRef = 19C600171FE7B5470014B6DC /* XHWLCoreSDK.podspec */; };
		19C600251FE7B5CB0014B6DC /* NSDate+Extension.m in Sources */ = {isa = PBXBuildFile; fileRef = 19C6001C1FE7B5CB0014B6DC /* NSDate+Extension.m */; };
		19C600261FE7B5CB0014B6DC /* NSString+Extension.m in Sources */ = {isa = PBXBuildFile; fileRef = 19C6001E1FE7B5CB0014B6DC /* NSString+Extension.m */; };
		19C600271FE7B5CB0014B6DC /* CommonCrypto.framework in Frameworks */ = {isa = PBXBuildFile; fileRef = 19C6001F1FE7B5CB0014B6DC /* CommonCrypto.framework */; };
		19C600281FE7B5CB0014B6DC /* XHWLRemoteOpenDoorVC.m in Sources */ = {isa = PBXBuildFile; fileRef = 19C600211FE7B5CB0014B6DC /* XHWLRemoteOpenDoorVC.m */; };
		19C600291FE7B5CB0014B6DC /* ZJToast.m in Sources */ = {isa = PBXBuildFile; fileRef = 19C600241FE7B5CB0014B6DC /* ZJToast.m */; };
		19C6002A1FE7B5E00014B6DC /* CommonCrypto.framework in Frameworks */ = {isa = PBXBuildFile; fileRef = 19C6001F1FE7B5CB0014B6DC /* CommonCrypto.framework */; };
		19C6002B1FE7B5E00014B6DC /* CommonCrypto.framework in Embed Frameworks */ = {isa = PBXBuildFile; fileRef = 19C6001F1FE7B5CB0014B6DC /* CommonCrypto.framework */; settings = {ATTRIBUTES = (CodeSignOnCopy, RemoveHeadersOnCopy, ); }; };
		19C6002E1FE7B67C0014B6DC /* images.bundle in Resources */ = {isa = PBXBuildFile; fileRef = 19C6002D1FE7B67C0014B6DC /* images.bundle */; };
		19C6FFE11FE7B3E40014B6DC /* AppDelegate.m in Sources */ = {isa = PBXBuildFile; fileRef = 19C6FFE01FE7B3E40014B6DC /* AppDelegate.m */; };
		19C6FFE41FE7B3E40014B6DC /* ViewController.m in Sources */ = {isa = PBXBuildFile; fileRef = 19C6FFE31FE7B3E40014B6DC /* ViewController.m */; };
		19C6FFE71FE7B3E40014B6DC /* Main.storyboard in Resources */ = {isa = PBXBuildFile; fileRef = 19C6FFE51FE7B3E40014B6DC /* Main.storyboard */; };
		19C6FFE91FE7B3E40014B6DC /* Assets.xcassets in Resources */ = {isa = PBXBuildFile; fileRef = 19C6FFE81FE7B3E40014B6DC /* Assets.xcassets */; };
		19C6FFEC1FE7B3E40014B6DC /* LaunchScreen.storyboard in Resources */ = {isa = PBXBuildFile; fileRef = 19C6FFEA1FE7B3E40014B6DC /* LaunchScreen.storyboard */; };
		19C6FFEF1FE7B3E40014B6DC /* main.m in Sources */ = {isa = PBXBuildFile; fileRef = 19C6FFEE1FE7B3E40014B6DC /* main.m */; };
		19C6FFF91FE7B3E40014B6DC /* XHWLCoreSDKTests.m in Sources */ = {isa = PBXBuildFile; fileRef = 19C6FFF81FE7B3E40014B6DC /* XHWLCoreSDKTests.m */; };
/* End PBXBuildFile section */

/* Begin PBXContainerItemProxy section */
		19C600001FE7B3E50014B6DC /* PBXContainerItemProxy */ = {
			isa = PBXContainerItemProxy;
			containerPortal = 19C6FFD41FE7B3E40014B6DC /* Project object */;
			proxyType = 1;
			remoteGlobalIDString = 19C6FFDB1FE7B3E40014B6DC;
			remoteInfo = XHWLCoreSDK;
		};
		19C6FFF51FE7B3E40014B6DC /* PBXContainerItemProxy */ = {
			isa = PBXContainerItemProxy;
			containerPortal = 19C6FFD41FE7B3E40014B6DC /* Project object */;
			proxyType = 1;
			remoteGlobalIDString = 19C6FFDB1FE7B3E40014B6DC;
			remoteInfo = XHWLCoreSDK;
		};
/* End PBXContainerItemProxy section */

/* Begin PBXCopyFilesBuildPhase section */
		19C6002C1FE7B5E00014B6DC /* Embed Frameworks */ = {
			isa = PBXCopyFilesBuildPhase;
			buildActionMask = 2147483647;
			dstPath = "";
			dstSubfolderSpec = 10;
			files = (
				19C6002B1FE7B5E00014B6DC /* CommonCrypto.framework in Embed Frameworks */,
			);
			name = "Embed Frameworks";
			runOnlyForDeploymentPostprocessing = 0;
		};
/* End PBXCopyFilesBuildPhase section */

/* Begin PBXFileReference section */
		19C600031FE7B3E50014B6DC /* XHWLCoreSDKUITests.m */ = {isa = PBXFileReference; lastKnownFileType = sourcecode.c.objc; path = XHWLCoreSDKUITests.m; sourceTree = "<group>"; };
		19C600051FE7B3E50014B6DC /* Info.plist */ = {isa = PBXFileReference; lastKnownFileType = text.plist.xml; path = Info.plist; sourceTree = "<group>"; };
		19C600131FE7B5150014B6DC /* README.md */ = {isa = PBXFileReference; fileEncoding = 4; lastKnownFileType = net.daringfireball.markdown; path = README.md; sourceTree = "<group>"; };
		19C600171FE7B5470014B6DC /* XHWLCoreSDK.podspec */ = {isa = PBXFileReference; fileEncoding = 4; lastKnownFileType = text; path = XHWLCoreSDK.podspec; sourceTree = "<group>"; };
		19C6001B1FE7B5CB0014B6DC /* NSDate+Extension.h */ = {isa = PBXFileReference; fileEncoding = 4; lastKnownFileType = sourcecode.c.h; path = "NSDate+Extension.h"; sourceTree = "<group>"; };
		19C6001C1FE7B5CB0014B6DC /* NSDate+Extension.m */ = {isa = PBXFileReference; fileEncoding = 4; lastKnownFileType = sourcecode.c.objc; path = "NSDate+Extension.m"; sourceTree = "<group>"; };
		19C6001D1FE7B5CB0014B6DC /* NSString+Extension.h */ = {isa = PBXFileReference; fileEncoding = 4; lastKnownFileType = sourcecode.c.h; path = "NSString+Extension.h"; sourceTree = "<group>"; };
		19C6001E1FE7B5CB0014B6DC /* NSString+Extension.m */ = {isa = PBXFileReference; fileEncoding = 4; lastKnownFileType = sourcecode.c.objc; path = "NSString+Extension.m"; sourceTree = "<group>"; };
		19C6001F1FE7B5CB0014B6DC /* CommonCrypto.framework */ = {isa = PBXFileReference; lastKnownFileType = wrapper.framework; path = CommonCrypto.framework; sourceTree = "<group>"; };
		19C600201FE7B5CB0014B6DC /* XHWLRemoteOpenDoorVC.h */ = {isa = PBXFileReference; fileEncoding = 4; lastKnownFileType = sourcecode.c.h; path = XHWLRemoteOpenDoorVC.h; sourceTree = "<group>"; };
		19C600211FE7B5CB0014B6DC /* XHWLRemoteOpenDoorVC.m */ = {isa = PBXFileReference; fileEncoding = 4; lastKnownFileType = sourcecode.c.objc; path = XHWLRemoteOpenDoorVC.m; sourceTree = "<group>"; };
		19C600231FE7B5CB0014B6DC /* ZJToast.h */ = {isa = PBXFileReference; fileEncoding = 4; lastKnownFileType = sourcecode.c.h; path = ZJToast.h; sourceTree = "<group>"; };
		19C600241FE7B5CB0014B6DC /* ZJToast.m */ = {isa = PBXFileReference; fileEncoding = 4; lastKnownFileType = sourcecode.c.objc; path = ZJToast.m; sourceTree = "<group>"; };
		19C6002D1FE7B67C0014B6DC /* images.bundle */ = {isa = PBXFileReference; lastKnownFileType = "wrapper.plug-in"; path = images.bundle; sourceTree = "<group>"; };
		19C6FFDC1FE7B3E40014B6DC /* XHWLCoreSDK.app */ = {isa = PBXFileReference; explicitFileType = wrapper.application; includeInIndex = 0; path = XHWLCoreSDK.app; sourceTree = BUILT_PRODUCTS_DIR; };
		19C6FFDF1FE7B3E40014B6DC /* AppDelegate.h */ = {isa = PBXFileReference; lastKnownFileType = sourcecode.c.h; path = AppDelegate.h; sourceTree = "<group>"; };
		19C6FFE01FE7B3E40014B6DC /* AppDelegate.m */ = {isa = PBXFileReference; lastKnownFileType = sourcecode.c.objc; path = AppDelegate.m; sourceTree = "<group>"; };
		19C6FFE21FE7B3E40014B6DC /* ViewController.h */ = {isa = PBXFileReference; lastKnownFileType = sourcecode.c.h; path = ViewController.h; sourceTree = "<group>"; };
		19C6FFE31FE7B3E40014B6DC /* ViewController.m */ = {isa = PBXFileReference; lastKnownFileType = sourcecode.c.objc; path = ViewController.m; sourceTree = "<group>"; };
		19C6FFE61FE7B3E40014B6DC /* Base */ = {isa = PBXFileReference; lastKnownFileType = file.storyboard; name = Base; path = Base.lproj/Main.storyboard; sourceTree = "<group>"; };
		19C6FFE81FE7B3E40014B6DC /* Assets.xcassets */ = {isa = PBXFileReference; lastKnownFileType = folder.assetcatalog; path = Assets.xcassets; sourceTree = "<group>"; };
		19C6FFEB1FE7B3E40014B6DC /* Base */ = {isa = PBXFileReference; lastKnownFileType = file.storyboard; name = Base; path = Base.lproj/LaunchScreen.storyboard; sourceTree = "<group>"; };
		19C6FFED1FE7B3E40014B6DC /* Info.plist */ = {isa = PBXFileReference; lastKnownFileType = text.plist.xml; path = Info.plist; sourceTree = "<group>"; };
		19C6FFEE1FE7B3E40014B6DC /* main.m */ = {isa = PBXFileReference; lastKnownFileType = sourcecode.c.objc; path = main.m; sourceTree = "<group>"; };
		19C6FFF41FE7B3E40014B6DC /* XHWLCoreSDKTests.xctest */ = {isa = PBXFileReference; explicitFileType = wrapper.cfbundle; includeInIndex = 0; path = XHWLCoreSDKTests.xctest; sourceTree = BUILT_PRODUCTS_DIR; };
		19C6FFF81FE7B3E40014B6DC /* XHWLCoreSDKTests.m */ = {isa = PBXFileReference; lastKnownFileType = sourcecode.c.objc; path = XHWLCoreSDKTests.m; sourceTree = "<group>"; };
		19C6FFFA1FE7B3E40014B6DC /* Info.plist */ = {isa = PBXFileReference; lastKnownFileType = text.plist.xml; path = Info.plist; sourceTree = "<group>"; };
		19C6FFFF1FE7B3E50014B6DC /* XHWLCoreSDKUITests.xctest */ = {isa = PBXFileReference; explicitFileType = wrapper.cfbundle; includeInIndex = 0; path = XHWLCoreSDKUITests.xctest; sourceTree = BUILT_PRODUCTS_DIR; };
/* End PBXFileReference section */

/* Begin PBXFrameworksBuildPhase section */
		19C6FFD91FE7B3E40014B6DC /* Frameworks */ = {
			isa = PBXFrameworksBuildPhase;
			buildActionMask = 2147483647;
			files = (
				19C6002A1FE7B5E00014B6DC /* CommonCrypto.framework in Frameworks */,
				19C600271FE7B5CB0014B6DC /* CommonCrypto.framework in Frameworks */,
			);
			runOnlyForDeploymentPostprocessing = 0;
		};
		19C6FFF11FE7B3E40014B6DC /* Frameworks */ = {
			isa = PBXFrameworksBuildPhase;
			buildActionMask = 2147483647;
			files = (
			);
			runOnlyForDeploymentPostprocessing = 0;
		};
		19C6FFFC1FE7B3E50014B6DC /* Frameworks */ = {
			isa = PBXFrameworksBuildPhase;
			buildActionMask = 2147483647;
			files = (
			);
			runOnlyForDeploymentPostprocessing = 0;
		};
/* End PBXFrameworksBuildPhase section */

/* Begin PBXGroup section */
		19C600021FE7B3E50014B6DC /* XHWLCoreSDKUITests */ = {
			isa = PBXGroup;
			children = (
				19C600031FE7B3E50014B6DC /* XHWLCoreSDKUITests.m */,
				19C600051FE7B3E50014B6DC /* Info.plist */,
			);
			path = XHWLCoreSDKUITests;
			sourceTree = "<group>";
		};
		19C600191FE7B5CB0014B6DC /* RemoteOpenDoor */ = {
			isa = PBXGroup;
			children = (
				19C6002D1FE7B67C0014B6DC /* images.bundle */,
				19C6001A1FE7B5CB0014B6DC /* Category */,
				19C6001F1FE7B5CB0014B6DC /* CommonCrypto.framework */,
				19C600201FE7B5CB0014B6DC /* XHWLRemoteOpenDoorVC.h */,
				19C600211FE7B5CB0014B6DC /* XHWLRemoteOpenDoorVC.m */,
				19C600221FE7B5CB0014B6DC /* ZJToast */,
			);
			path = RemoteOpenDoor;
			sourceTree = SOURCE_ROOT;
		};
		19C6001A1FE7B5CB0014B6DC /* Category */ = {
			isa = PBXGroup;
			children = (
				19C6001B1FE7B5CB0014B6DC /* NSDate+Extension.h */,
				19C6001C1FE7B5CB0014B6DC /* NSDate+Extension.m */,
				19C6001D1FE7B5CB0014B6DC /* NSString+Extension.h */,
				19C6001E1FE7B5CB0014B6DC /* NSString+Extension.m */,
			);
			path = Category;
			sourceTree = "<group>";
		};
		19C600221FE7B5CB0014B6DC /* ZJToast */ = {
			isa = PBXGroup;
			children = (
				19C600231FE7B5CB0014B6DC /* ZJToast.h */,
				19C600241FE7B5CB0014B6DC /* ZJToast.m */,
			);
			path = ZJToast;
			sourceTree = "<group>";
		};
		19C6FFD31FE7B3E40014B6DC = {
			isa = PBXGroup;
			children = (
				19C600171FE7B5470014B6DC /* XHWLCoreSDK.podspec */,
				19C600131FE7B5150014B6DC /* README.md */,
				19C6FFDE1FE7B3E40014B6DC /* XHWLCoreSDK */,
				19C6FFF71FE7B3E40014B6DC /* XHWLCoreSDKTests */,
				19C600021FE7B3E50014B6DC /* XHWLCoreSDKUITests */,
				19C6FFDD1FE7B3E40014B6DC /* Products */,
			);
			sourceTree = "<group>";
		};
		19C6FFDD1FE7B3E40014B6DC /* Products */ = {
			isa = PBXGroup;
			children = (
				19C6FFDC1FE7B3E40014B6DC /* XHWLCoreSDK.app */,
				19C6FFF41FE7B3E40014B6DC /* XHWLCoreSDKTests.xctest */,
				19C6FFFF1FE7B3E50014B6DC /* XHWLCoreSDKUITests.xctest */,
			);
			name = Products;
			sourceTree = "<group>";
		};
		19C6FFDE1FE7B3E40014B6DC /* XHWLCoreSDK */ = {
			isa = PBXGroup;
			children = (
				19C600191FE7B5CB0014B6DC /* RemoteOpenDoor */,
				19C6FFDF1FE7B3E40014B6DC /* AppDelegate.h */,
				19C6FFE01FE7B3E40014B6DC /* AppDelegate.m */,
				19C6FFE21FE7B3E40014B6DC /* ViewController.h */,
				19C6FFE31FE7B3E40014B6DC /* ViewController.m */,
				19C6FFE51FE7B3E40014B6DC /* Main.storyboard */,
				19C6FFE81FE7B3E40014B6DC /* Assets.xcassets */,
				19C6FFEA1FE7B3E40014B6DC /* LaunchScreen.storyboard */,
				19C6FFED1FE7B3E40014B6DC /* Info.plist */,
				19C6FFEE1FE7B3E40014B6DC /* main.m */,
			);
			path = XHWLCoreSDK;
			sourceTree = "<group>";
		};
		19C6FFF71FE7B3E40014B6DC /* XHWLCoreSDKTests */ = {
			isa = PBXGroup;
			children = (
				19C6FFF81FE7B3E40014B6DC /* XHWLCoreSDKTests.m */,
				19C6FFFA1FE7B3E40014B6DC /* Info.plist */,
			);
			path = XHWLCoreSDKTests;
			sourceTree = "<group>";
		};
/* End PBXGroup section */

/* Begin PBXNativeTarget section */
		19C6FFDB1FE7B3E40014B6DC /* XHWLCoreSDK */ = {
			isa = PBXNativeTarget;
			buildConfigurationList = 19C600081FE7B3E50014B6DC /* Build configuration list for PBXNativeTarget "XHWLCoreSDK" */;
			buildPhases = (
				19C6FFD81FE7B3E40014B6DC /* Sources */,
				19C6FFD91FE7B3E40014B6DC /* Frameworks */,
				19C6FFDA1FE7B3E40014B6DC /* Resources */,
				19C6002C1FE7B5E00014B6DC /* Embed Frameworks */,
			);
			buildRules = (
			);
			dependencies = (
			);
			name = XHWLCoreSDK;
			productName = XHWLCoreSDK;
			productReference = 19C6FFDC1FE7B3E40014B6DC /* XHWLCoreSDK.app */;
			productType = "com.apple.product-type.application";
		};
		19C6FFF31FE7B3E40014B6DC /* XHWLCoreSDKTests */ = {
			isa = PBXNativeTarget;
			buildConfigurationList = 19C6000B1FE7B3E50014B6DC /* Build configuration list for PBXNativeTarget "XHWLCoreSDKTests" */;
			buildPhases = (
				19C6FFF01FE7B3E40014B6DC /* Sources */,
				19C6FFF11FE7B3E40014B6DC /* Frameworks */,
				19C6FFF21FE7B3E40014B6DC /* Resources */,
			);
			buildRules = (
			);
			dependencies = (
				19C6FFF61FE7B3E40014B6DC /* PBXTargetDependency */,
			);
			name = XHWLCoreSDKTests;
			productName = XHWLCoreSDKTests;
			productReference = 19C6FFF41FE7B3E40014B6DC /* XHWLCoreSDKTests.xctest */;
			productType = "com.apple.product-type.bundle.unit-test";
		};
		19C6FFFE1FE7B3E50014B6DC /* XHWLCoreSDKUITests */ = {
			isa = PBXNativeTarget;
			buildConfigurationList = 19C6000E1FE7B3E50014B6DC /* Build configuration list for PBXNativeTarget "XHWLCoreSDKUITests" */;
			buildPhases = (
				19C6FFFB1FE7B3E50014B6DC /* Sources */,
				19C6FFFC1FE7B3E50014B6DC /* Frameworks */,
				19C6FFFD1FE7B3E50014B6DC /* Resources */,
			);
			buildRules = (
			);
			dependencies = (
				19C600011FE7B3E50014B6DC /* PBXTargetDependency */,
			);
			name = XHWLCoreSDKUITests;
			productName = XHWLCoreSDKUITests;
			productReference = 19C6FFFF1FE7B3E50014B6DC /* XHWLCoreSDKUITests.xctest */;
			productType = "com.apple.product-type.bundle.ui-testing";
		};
/* End PBXNativeTarget section */

/* Begin PBXProject section */
		19C6FFD41FE7B3E40014B6DC /* Project object */ = {
			isa = PBXProject;
			attributes = {
				LastUpgradeCheck = 0910;
				ORGANIZATIONNAME = xinghaiwulian;
				TargetAttributes = {
					19C6FFDB1FE7B3E40014B6DC = {
						CreatedOnToolsVersion = 9.1;
						ProvisioningStyle = Automatic;
					};
					19C6FFF31FE7B3E40014B6DC = {
						CreatedOnToolsVersion = 9.1;
						ProvisioningStyle = Automatic;
						TestTargetID = 19C6FFDB1FE7B3E40014B6DC;
					};
					19C6FFFE1FE7B3E50014B6DC = {
						CreatedOnToolsVersion = 9.1;
						ProvisioningStyle = Automatic;
						TestTargetID = 19C6FFDB1FE7B3E40014B6DC;
					};
				};
			};
			buildConfigurationList = 19C6FFD71FE7B3E40014B6DC /* Build configuration list for PBXProject "XHWLCoreSDK" */;
			compatibilityVersion = "Xcode 8.0";
			developmentRegion = en;
			hasScannedForEncodings = 0;
			knownRegions = (
				en,
				Base,
			);
			mainGroup = 19C6FFD31FE7B3E40014B6DC;
			productRefGroup = 19C6FFDD1FE7B3E40014B6DC /* Products */;
			projectDirPath = "";
			projectRoot = "";
			targets = (
				19C6FFDB1FE7B3E40014B6DC /* XHWLCoreSDK */,
				19C6FFF31FE7B3E40014B6DC /* XHWLCoreSDKTests */,
				19C6FFFE1FE7B3E50014B6DC /* XHWLCoreSDKUITests */,
			);
		};
/* End PBXProject section */

/* Begin PBXResourcesBuildPhase section */
		19C6FFDA1FE7B3E40014B6DC /* Resources */ = {
			isa = PBXResourcesBuildPhase;
			buildActionMask = 2147483647;
			files = (
				19C6FFEC1FE7B3E40014B6DC /* LaunchScreen.storyboard in Resources */,
				19C6002E1FE7B67C0014B6DC /* images.bundle in Resources */,
				19C600181FE7B5470014B6DC /* XHWLCoreSDK.podspec in Resources */,
				19C6FFE91FE7B3E40014B6DC /* Assets.xcassets in Resources */,
				19C600141FE7B5150014B6DC /* README.md in Resources */,
				19C6FFE71FE7B3E40014B6DC /* Main.storyboard in Resources */,
			);
			runOnlyForDeploymentPostprocessing = 0;
		};
		19C6FFF21FE7B3E40014B6DC /* Resources */ = {
			isa = PBXResourcesBuildPhase;
			buildActionMask = 2147483647;
			files = (
			);
			runOnlyForDeploymentPostprocessing = 0;
		};
		19C6FFFD1FE7B3E50014B6DC /* Resources */ = {
			isa = PBXResourcesBuildPhase;
			buildActionMask = 2147483647;
			files = (
			);
			runOnlyForDeploymentPostprocessing = 0;
		};
/* End PBXResourcesBuildPhase section */

/* Begin PBXSourcesBuildPhase section */
		19C6FFD81FE7B3E40014B6DC /* Sources */ = {
			isa = PBXSourcesBuildPhase;
			buildActionMask = 2147483647;
			files = (
				19C600261FE7B5CB0014B6DC /* NSString+Extension.m in Sources */,
				19C600281FE7B5CB0014B6DC /* XHWLRemoteOpenDoorVC.m in Sources */,
				19C600251FE7B5CB0014B6DC /* NSDate+Extension.m in Sources */,
				19C6FFE41FE7B3E40014B6DC /* ViewController.m in Sources */,
				19C6FFEF1FE7B3E40014B6DC /* main.m in Sources */,
				19C6FFE11FE7B3E40014B6DC /* AppDelegate.m in Sources */,
				19C600291FE7B5CB0014B6DC /* ZJToast.m in Sources */,
			);
			runOnlyForDeploymentPostprocessing = 0;
		};
		19C6FFF01FE7B3E40014B6DC /* Sources */ = {
			isa = PBXSourcesBuildPhase;
			buildActionMask = 2147483647;
			files = (
				19C6FFF91FE7B3E40014B6DC /* XHWLCoreSDKTests.m in Sources */,
			);
			runOnlyForDeploymentPostprocessing = 0;
		};
		19C6FFFB1FE7B3E50014B6DC /* Sources */ = {
			isa = PBXSourcesBuildPhase;
			buildActionMask = 2147483647;
			files = (
				19C600041FE7B3E50014B6DC /* XHWLCoreSDKUITests.m in Sources */,
			);
			runOnlyForDeploymentPostprocessing = 0;
		};
/* End PBXSourcesBuildPhase section */

/* Begin PBXTargetDependency section */
		19C600011FE7B3E50014B6DC /* PBXTargetDependency */ = {
			isa = PBXTargetDependency;
			target = 19C6FFDB1FE7B3E40014B6DC /* XHWLCoreSDK */;
			targetProxy = 19C600001FE7B3E50014B6DC /* PBXContainerItemProxy */;
		};
		19C6FFF61FE7B3E40014B6DC /* PBXTargetDependency */ = {
			isa = PBXTargetDependency;
			target = 19C6FFDB1FE7B3E40014B6DC /* XHWLCoreSDK */;
			targetProxy = 19C6FFF51FE7B3E40014B6DC /* PBXContainerItemProxy */;
		};
/* End PBXTargetDependency section */

/* Begin PBXVariantGroup section */
		19C6FFE51FE7B3E40014B6DC /* Main.storyboard */ = {
			isa = PBXVariantGroup;
			children = (
				19C6FFE61FE7B3E40014B6DC /* Base */,
			);
			name = Main.storyboard;
			sourceTree = "<group>";
		};
		19C6FFEA1FE7B3E40014B6DC /* LaunchScreen.storyboard */ = {
			isa = PBXVariantGroup;
			children = (
				19C6FFEB1FE7B3E40014B6DC /* Base */,
			);
			name = LaunchScreen.storyboard;
			sourceTree = "<group>";
		};
/* End PBXVariantGroup section */

/* Begin XCBuildConfiguration section */
		19C600061FE7B3E50014B6DC /* Debug */ = {
			isa = XCBuildConfiguration;
			buildSettings = {
				ALWAYS_SEARCH_USER_PATHS = NO;
				CLANG_ANALYZER_NONNULL = YES;
				CLANG_ANALYZER_NUMBER_OBJECT_CONVERSION = YES_AGGRESSIVE;
				CLANG_CXX_LANGUAGE_STANDARD = "gnu++14";
				CLANG_CXX_LIBRARY = "libc++";
				CLANG_ENABLE_MODULES = YES;
				CLANG_ENABLE_OBJC_ARC = YES;
				CLANG_WARN_BLOCK_CAPTURE_AUTORELEASING = YES;
				CLANG_WARN_BOOL_CONVERSION = YES;
				CLANG_WARN_COMMA = YES;
				CLANG_WARN_CONSTANT_CONVERSION = YES;
				CLANG_WARN_DIRECT_OBJC_ISA_USAGE = YES_ERROR;
				CLANG_WARN_DOCUMENTATION_COMMENTS = YES;
				CLANG_WARN_EMPTY_BODY = YES;
				CLANG_WARN_ENUM_CONVERSION = YES;
				CLANG_WARN_INFINITE_RECURSION = YES;
				CLANG_WARN_INT_CONVERSION = YES;
				CLANG_WARN_NON_LITERAL_NULL_CONVERSION = YES;
				CLANG_WARN_OBJC_LITERAL_CONVERSION = YES;
				CLANG_WARN_OBJC_ROOT_CLASS = YES_ERROR;
				CLANG_WARN_RANGE_LOOP_ANALYSIS = YES;
				CLANG_WARN_STRICT_PROTOTYPES = YES;
				CLANG_WARN_SUSPICIOUS_MOVE = YES;
				CLANG_WARN_UNGUARDED_AVAILABILITY = YES_AGGRESSIVE;
				CLANG_WARN_UNREACHABLE_CODE = YES;
				CLANG_WARN__DUPLICATE_METHOD_MATCH = YES;
				CODE_SIGN_IDENTITY = "iPhone Developer";
				COPY_PHASE_STRIP = NO;
				DEBUG_INFORMATION_FORMAT = dwarf;
				ENABLE_STRICT_OBJC_MSGSEND = YES;
				ENABLE_TESTABILITY = YES;
				GCC_C_LANGUAGE_STANDARD = gnu11;
				GCC_DYNAMIC_NO_PIC = NO;
				GCC_NO_COMMON_BLOCKS = YES;
				GCC_OPTIMIZATION_LEVEL = 0;
				GCC_PREPROCESSOR_DEFINITIONS = (
					"DEBUG=1",
					"$(inherited)",
				);
				GCC_WARN_64_TO_32_BIT_CONVERSION = YES;
				GCC_WARN_ABOUT_RETURN_TYPE = YES_ERROR;
				GCC_WARN_UNDECLARED_SELECTOR = YES;
				GCC_WARN_UNINITIALIZED_AUTOS = YES_AGGRESSIVE;
				GCC_WARN_UNUSED_FUNCTION = YES;
				GCC_WARN_UNUSED_VARIABLE = YES;
				IPHONEOS_DEPLOYMENT_TARGET = 11.1;
				MTL_ENABLE_DEBUG_INFO = YES;
				ONLY_ACTIVE_ARCH = YES;
				SDKROOT = iphoneos;
			};
			name = Debug;
		};
		19C600071FE7B3E50014B6DC /* Release */ = {
			isa = XCBuildConfiguration;
			buildSettings = {
				ALWAYS_SEARCH_USER_PATHS = NO;
				CLANG_ANALYZER_NONNULL = YES;
				CLANG_ANALYZER_NUMBER_OBJECT_CONVERSION = YES_AGGRESSIVE;
				CLANG_CXX_LANGUAGE_STANDARD = "gnu++14";
				CLANG_CXX_LIBRARY = "libc++";
				CLANG_ENABLE_MODULES = YES;
				CLANG_ENABLE_OBJC_ARC = YES;
				CLANG_WARN_BLOCK_CAPTURE_AUTORELEASING = YES;
				CLANG_WARN_BOOL_CONVERSION = YES;
				CLANG_WARN_COMMA = YES;
				CLANG_WARN_CONSTANT_CONVERSION = YES;
				CLANG_WARN_DIRECT_OBJC_ISA_USAGE = YES_ERROR;
				CLANG_WARN_DOCUMENTATION_COMMENTS = YES;
				CLANG_WARN_EMPTY_BODY = YES;
				CLANG_WARN_ENUM_CONVERSION = YES;
				CLANG_WARN_INFINITE_RECURSION = YES;
				CLANG_WARN_INT_CONVERSION = YES;
				CLANG_WARN_NON_LITERAL_NULL_CONVERSION = YES;
				CLANG_WARN_OBJC_LITERAL_CONVERSION = YES;
				CLANG_WARN_OBJC_ROOT_CLASS = YES_ERROR;
				CLANG_WARN_RANGE_LOOP_ANALYSIS = YES;
				CLANG_WARN_STRICT_PROTOTYPES = YES;
				CLANG_WARN_SUSPICIOUS_MOVE = YES;
				CLANG_WARN_UNGUARDED_AVAILABILITY = YES_AGGRESSIVE;
				CLANG_WARN_UNREACHABLE_CODE = YES;
				CLANG_WARN__DUPLICATE_METHOD_MATCH = YES;
				CODE_SIGN_IDENTITY = "iPhone Developer";
				COPY_PHASE_STRIP = NO;
				DEBUG_INFORMATION_FORMAT = "dwarf-with-dsym";
				ENABLE_NS_ASSERTIONS = NO;
				ENABLE_STRICT_OBJC_MSGSEND = YES;
				GCC_C_LANGUAGE_STANDARD = gnu11;
				GCC_NO_COMMON_BLOCKS = YES;
				GCC_WARN_64_TO_32_BIT_CONVERSION = YES;
				GCC_WARN_ABOUT_RETURN_TYPE = YES_ERROR;
				GCC_WARN_UNDECLARED_SELECTOR = YES;
				GCC_WARN_UNINITIALIZED_AUTOS = YES_AGGRESSIVE;
				GCC_WARN_UNUSED_FUNCTION = YES;
				GCC_WARN_UNUSED_VARIABLE = YES;
				IPHONEOS_DEPLOYMENT_TARGET = 11.1;
				MTL_ENABLE_DEBUG_INFO = NO;
				SDKROOT = iphoneos;
				VALIDATE_PRODUCT = YES;
			};
			name = Release;
		};
		19C600091FE7B3E50014B6DC /* Debug */ = {
			isa = XCBuildConfiguration;
			buildSettings = {
				ASSETCATALOG_COMPILER_APPICON_NAME = AppIcon;
				CODE_SIGN_STYLE = Automatic;
				DEVELOPMENT_TEAM = L4285ALH3W;
				FRAMEWORK_SEARCH_PATHS = (
					"$(inherited)",
					"$(PROJECT_DIR)/RemoteOpenDoor",
				);
				INFOPLIST_FILE = XHWLCoreSDK/Info.plist;
				IPHONEOS_DEPLOYMENT_TARGET = 8.0;
				LD_RUNPATH_SEARCH_PATHS = "$(inherited) @executable_path/Frameworks";
				PRODUCT_BUNDLE_IDENTIFIER = com.xhwl.XHWLCoreSDK;
				PRODUCT_NAME = "$(TARGET_NAME)";
				TARGETED_DEVICE_FAMILY = "1,2";
			};
			name = Debug;
		};
		19C6000A1FE7B3E50014B6DC /* Release */ = {
			isa = XCBuildConfiguration;
			buildSettings = {
				ASSETCATALOG_COMPILER_APPICON_NAME = AppIcon;
				CODE_SIGN_STYLE = Automatic;
				DEVELOPMENT_TEAM = L4285ALH3W;
				FRAMEWORK_SEARCH_PATHS = (
					"$(inherited)",
					"$(PROJECT_DIR)/RemoteOpenDoor",
				);
				INFOPLIST_FILE = XHWLCoreSDK/Info.plist;
				IPHONEOS_DEPLOYMENT_TARGET = 8.0;
				LD_RUNPATH_SEARCH_PATHS = "$(inherited) @executable_path/Frameworks";
				PRODUCT_BUNDLE_IDENTIFIER = com.xhwl.XHWLCoreSDK;
				PRODUCT_NAME = "$(TARGET_NAME)";
				TARGETED_DEVICE_FAMILY = "1,2";
			};
			name = Release;
		};
		19C6000C1FE7B3E50014B6DC /* Debug */ = {
			isa = XCBuildConfiguration;
			buildSettings = {
				BUNDLE_LOADER = "$(TEST_HOST)";
				CODE_SIGN_STYLE = Automatic;
				DEVELOPMENT_TEAM = L4285ALH3W;
				INFOPLIST_FILE = XHWLCoreSDKTests/Info.plist;
				LD_RUNPATH_SEARCH_PATHS = "$(inherited) @executable_path/Frameworks @loader_path/Frameworks";
				PRODUCT_BUNDLE_IDENTIFIER = com.xhwl.XHWLCoreSDKTests;
				PRODUCT_NAME = "$(TARGET_NAME)";
				TARGETED_DEVICE_FAMILY = "1,2";
				TEST_HOST = "$(BUILT_PRODUCTS_DIR)/XHWLCoreSDK.app/XHWLCoreSDK";
			};
			name = Debug;
		};
		19C6000D1FE7B3E50014B6DC /* Release */ = {
			isa = XCBuildConfiguration;
			buildSettings = {
				BUNDLE_LOADER = "$(TEST_HOST)";
				CODE_SIGN_STYLE = Automatic;
				DEVELOPMENT_TEAM = L4285ALH3W;
				INFOPLIST_FILE = XHWLCoreSDKTests/Info.plist;
				LD_RUNPATH_SEARCH_PATHS = "$(inherited) @executable_path/Frameworks @loader_path/Frameworks";
				PRODUCT_BUNDLE_IDENTIFIER = com.xhwl.XHWLCoreSDKTests;
				PRODUCT_NAME = "$(TARGET_NAME)";
				TARGETED_DEVICE_FAMILY = "1,2";
				TEST_HOST = "$(BUILT_PRODUCTS_DIR)/XHWLCoreSDK.app/XHWLCoreSDK";
			};
			name = Release;
		};
		19C6000F1FE7B3E50014B6DC /* Debug */ = {
			isa = XCBuildConfiguration;
			buildSettings = {
				CODE_SIGN_STYLE = Automatic;
				DEVELOPMENT_TEAM = L4285ALH3W;
				INFOPLIST_FILE = XHWLCoreSDKUITests/Info.plist;
				LD_RUNPATH_SEARCH_PATHS = "$(inherited) @executable_path/Frameworks @loader_path/Frameworks";
				PRODUCT_BUNDLE_IDENTIFIER = com.xhwl.XHWLCoreSDKUITests;
				PRODUCT_NAME = "$(TARGET_NAME)";
				TARGETED_DEVICE_FAMILY = "1,2";
				TEST_TARGET_NAME = XHWLCoreSDK;
			};
			name = Debug;
		};
		19C600101FE7B3E50014B6DC /* Release */ = {
			isa = XCBuildConfiguration;
			buildSettings = {
				CODE_SIGN_STYLE = Automatic;
				DEVELOPMENT_TEAM = L4285ALH3W;
				INFOPLIST_FILE = XHWLCoreSDKUITests/Info.plist;
				LD_RUNPATH_SEARCH_PATHS = "$(inherited) @executable_path/Frameworks @loader_path/Frameworks";
				PRODUCT_BUNDLE_IDENTIFIER = com.xhwl.XHWLCoreSDKUITests;
				PRODUCT_NAME = "$(TARGET_NAME)";
				TARGETED_DEVICE_FAMILY = "1,2";
				TEST_TARGET_NAME = XHWLCoreSDK;
			};
			name = Release;
		};
/* End XCBuildConfiguration section */

/* Begin XCConfigurationList section */
		19C600081FE7B3E50014B6DC /* Build configuration list for PBXNativeTarget "XHWLCoreSDK" */ = {
			isa = XCConfigurationList;
			buildConfigurations = (
				19C600091FE7B3E50014B6DC /* Debug */,
				19C6000A1FE7B3E50014B6DC /* Release */,
			);
			defaultConfigurationIsVisible = 0;
			defaultConfigurationName = Release;
		};
		19C6000B1FE7B3E50014B6DC /* Build configuration list for PBXNativeTarget "XHWLCoreSDKTests" */ = {
			isa = XCConfigurationList;
			buildConfigurations = (
				19C6000C1FE7B3E50014B6DC /* Debug */,
				19C6000D1FE7B3E50014B6DC /* Release */,
			);
			defaultConfigurationIsVisible = 0;
			defaultConfigurationName = Release;
		};
		19C6000E1FE7B3E50014B6DC /* Build configuration list for PBXNativeTarget "XHWLCoreSDKUITests" */ = {
			isa = XCConfigurationList;
			buildConfigurations = (
				19C6000F1FE7B3E50014B6DC /* Debug */,
				19C600101FE7B3E50014B6DC /* Release */,
			);
			defaultConfigurationIsVisible = 0;
			defaultConfigurationName = Release;
		};
		19C6FFD71FE7B3E40014B6DC /* Build configuration list for PBXProject "XHWLCoreSDK" */ = {
			isa = XCConfigurationList;
			buildConfigurations = (
				19C600061FE7B3E50014B6DC /* Debug */,
				19C600071FE7B3E50014B6DC /* Release */,
			);
			defaultConfigurationIsVisible = 0;
			defaultConfigurationName = Release;
		};
/* End XCConfigurationList section */
	};
	rootObject = 19C6FFD41FE7B3E40014B6DC /* Project object */;
}
